
Microsoft Visual Studio Solution File, Format Version 12.00
# Visual Studio Version 17
VisualStudioVersion = 17.5.002.0
MinimumVisualStudioVersion = 10.0.40219.1
Project("{9A19103F-16F7-4668-BE54-9A1E7A4F7556}") = "cards", "cards\cards.csproj", "{3030F993-EDEE-42E2-A682-71734C4F6CB7}"
EndProject
Global
	GlobalSection(SolutionConfigurationPlatforms) = preSolution
		Debug|Any CPU = Debug|Any CPU
		Release|Any CPU = Release|Any CPU
	EndGlobalSection
	GlobalSection(ProjectConfigurationPlatforms) = postSolution
		{3030F993-EDEE-42E2-A682-71734C4F6CB7}.Debug|Any CPU.ActiveCfg = Debug|Any CPU
		{3030F993-EDEE-42E2-A682-71734C4F6CB7}.Debug|Any CPU.Build.0 = Debug|Any CPU
		{3030F993-EDEE-42E2-A682-71734C4F6CB7}.Release|Any CPU.ActiveCfg = Release|Any CPU
		{3030F993-EDEE-42E2-A682-71734C4F6CB7}.Release|Any CPU.Build.0 = Release|Any CPU
	EndGlobalSection
	GlobalSection(SolutionProperties) = preSolution
		HideSolutionNode = FALSE
	EndGlobalSection
	GlobalSection(ExtensibilityGlobals) = postSolution
		SolutionGuid = {8193211E-0E53-49CA-BE6A-9476BBF6E933}
	EndGlobalSection
EndGlobal
